// !$*UTF8*$!
{
	archiveVersion = 1;
	classes = {
	};
	objectVersion = 46;
	objects = {

/* Begin PBXBuildFile section */
		070C429818F3293700892922 /* UIAlertView+crt_ShowError.m in Sources */ = {isa = PBXBuildFile; fileRef = 070C429718F3293700892922 /* UIAlertView+crt_ShowError.m */; };
		0742D4E018E71336009DEB4F /* NSString+crt_CorrectURLEncoding.m in Sources */ = {isa = PBXBuildFile; fileRef = 0742D4DF18E71336009DEB4F /* NSString+crt_CorrectURLEncoding.m */; };
		07553F5D18FEFE8400F8C879 /* CRTFileListViewController.m in Sources */ = {isa = PBXBuildFile; fileRef = 07553F5C18FEFE8400F8C879 /* CRTFileListViewController.m */; };
		07553F6018FF20F200F8C879 /* CRTFiles.m in Sources */ = {isa = PBXBuildFile; fileRef = 07553F5F18FF20F200F8C879 /* CRTFiles.m */; };
		075C1F0618E9D4EB00699408 /* CRTDisconnectedViewController.m in Sources */ = {isa = PBXBuildFile; fileRef = 075C1F0518E9D4EB00699408 /* CRTDisconnectedViewController.m */; };
		075D411F18E7275E001937AA /* CRTSettingsViewController.m in Sources */ = {isa = PBXBuildFile; fileRef = 075D411E18E7275E001937AA /* CRTSettingsViewController.m */; };
		078589BB18EEE7760082B615 /* CRTSpeedsViewController.m in Sources */ = {isa = PBXBuildFile; fileRef = 078589BA18EEE7760082B615 /* CRTSpeedsViewController.m */; };
		07964F2118E59E3100D0842A /* Foundation.framework in Frameworks */ = {isa = PBXBuildFile; fileRef = 07964F2018E59E3100D0842A /* Foundation.framework */; };
		07964F2318E59E3100D0842A /* CoreGraphics.framework in Frameworks */ = {isa = PBXBuildFile; fileRef = 07964F2218E59E3100D0842A /* CoreGraphics.framework */; };
		07964F2518E59E3100D0842A /* UIKit.framework in Frameworks */ = {isa = PBXBuildFile; fileRef = 07964F2418E59E3100D0842A /* UIKit.framework */; };
		07964F2B18E59E3100D0842A /* InfoPlist.strings in Resources */ = {isa = PBXBuildFile; fileRef = 07964F2918E59E3100D0842A /* InfoPlist.strings */; };
		07964F2D18E59E3100D0842A /* main.m in Sources */ = {isa = PBXBuildFile; fileRef = 07964F2C18E59E3100D0842A /* main.m */; };
		07964F3118E59E3100D0842A /* CRTAppDelegate.m in Sources */ = {isa = PBXBuildFile; fileRef = 07964F3018E59E3100D0842A /* CRTAppDelegate.m */; };
		07964F3418E59E3100D0842A /* Main.storyboard in Resources */ = {isa = PBXBuildFile; fileRef = 07964F3218E59E3100D0842A /* Main.storyboard */; };
		07964F3918E59E3100D0842A /* Images.xcassets in Resources */ = {isa = PBXBuildFile; fileRef = 07964F3818E59E3100D0842A /* Images.xcassets */; };
		07964F4018E59E3100D0842A /* XCTest.framework in Frameworks */ = {isa = PBXBuildFile; fileRef = 07964F3F18E59E3100D0842A /* XCTest.framework */; };
		07964F4118E59E3100D0842A /* Foundation.framework in Frameworks */ = {isa = PBXBuildFile; fileRef = 07964F2018E59E3100D0842A /* Foundation.framework */; };
		07964F4218E59E3100D0842A /* UIKit.framework in Frameworks */ = {isa = PBXBuildFile; fileRef = 07964F2418E59E3100D0842A /* UIKit.framework */; };
		07964F4A18E59E3100D0842A /* InfoPlist.strings in Resources */ = {isa = PBXBuildFile; fileRef = 07964F4818E59E3100D0842A /* InfoPlist.strings */; };
		07964F4C18E59E3100D0842A /* remoteTransmissionTests.m in Sources */ = {isa = PBXBuildFile; fileRef = 07964F4B18E59E3100D0842A /* remoteTransmissionTests.m */; };
		07964F5718E5B11300D0842A /* CRTAuthentication.m in Sources */ = {isa = PBXBuildFile; fileRef = 07964F5618E5B11300D0842A /* CRTAuthentication.m */; };
		07964F5A18E5B2AD00D0842A /* CRTLoginViewController.m in Sources */ = {isa = PBXBuildFile; fileRef = 07964F5918E5B2AD00D0842A /* CRTLoginViewController.m */; };
		07964F5D18E5B2E900D0842A /* CRTTransmissionController.m in Sources */ = {isa = PBXBuildFile; fileRef = 07964F5C18E5B2E900D0842A /* CRTTransmissionController.m */; };
		079E7A3D18E5F1580007D34F /* CRTTorrentListViewController.m in Sources */ = {isa = PBXBuildFile; fileRef = 079E7A3C18E5F1580007D34F /* CRTTorrentListViewController.m */; };
		07A7FCD918F42A1300122070 /* CRTTorrentDetailsViewController.m in Sources */ = {isa = PBXBuildFile; fileRef = 07A7FCD818F42A1300122070 /* CRTTorrentDetailsViewController.m */; };
		07A7FCDC18F42BC700122070 /* UIProgressView+crt_setTorrentProgress.m in Sources */ = {isa = PBXBuildFile; fileRef = 07A7FCDB18F42BC700122070 /* UIProgressView+crt_setTorrentProgress.m */; };
		07C5AAA9190EBA710074BDDF /* CRTTree.m in Sources */ = {isa = PBXBuildFile; fileRef = 07C5AAA8190EBA710074BDDF /* CRTTree.m */; };
		07C5AAAC190EBB270074BDDF /* CRTNode.m in Sources */ = {isa = PBXBuildFile; fileRef = 07C5AAAB190EBB270074BDDF /* CRTNode.m */; };
		07DDAAB318F07159000E0C1B /* CRTAddTorrentViewController.m in Sources */ = {isa = PBXBuildFile; fileRef = 07DDAAB218F07159000E0C1B /* CRTAddTorrentViewController.m */; };
/* End PBXBuildFile section */

/* Begin PBXContainerItemProxy section */
		07964F4318E59E3100D0842A /* PBXContainerItemProxy */ = {
			isa = PBXContainerItemProxy;
			containerPortal = 07964F1518E59E3000D0842A /* Project object */;
			proxyType = 1;
			remoteGlobalIDString = 07964F1C18E59E3000D0842A;
			remoteInfo = remoteTransmission;
		};
/* End PBXContainerItemProxy section */

/* Begin PBXFileReference section */
		070C429618F3293700892922 /* UIAlertView+crt_ShowError.h */ = {isa = PBXFileReference; fileEncoding = 4; lastKnownFileType = sourcecode.c.h; path = "UIAlertView+crt_ShowError.h"; sourceTree = "<group>"; };
		070C429718F3293700892922 /* UIAlertView+crt_ShowError.m */ = {isa = PBXFileReference; fileEncoding = 4; lastKnownFileType = sourcecode.c.objc; path = "UIAlertView+crt_ShowError.m"; sourceTree = "<group>"; };
		0742D4DE18E71336009DEB4F /* NSString+crt_CorrectURLEncoding.h */ = {isa = PBXFileReference; fileEncoding = 4; lastKnownFileType = sourcecode.c.h; path = "NSString+crt_CorrectURLEncoding.h"; sourceTree = "<group>"; };
		0742D4DF18E71336009DEB4F /* NSString+crt_CorrectURLEncoding.m */ = {isa = PBXFileReference; fileEncoding = 4; lastKnownFileType = sourcecode.c.objc; path = "NSString+crt_CorrectURLEncoding.m"; sourceTree = "<group>"; };
		07553F5B18FEFE8400F8C879 /* CRTFileListViewController.h */ = {isa = PBXFileReference; fileEncoding = 4; lastKnownFileType = sourcecode.c.h; path = CRTFileListViewController.h; sourceTree = "<group>"; };
		07553F5C18FEFE8400F8C879 /* CRTFileListViewController.m */ = {isa = PBXFileReference; fileEncoding = 4; lastKnownFileType = sourcecode.c.objc; path = CRTFileListViewController.m; sourceTree = "<group>"; };
		07553F5E18FF20F200F8C879 /* CRTFiles.h */ = {isa = PBXFileReference; fileEncoding = 4; lastKnownFileType = sourcecode.c.h; path = CRTFiles.h; sourceTree = "<group>"; };
		07553F5F18FF20F200F8C879 /* CRTFiles.m */ = {isa = PBXFileReference; fileEncoding = 4; lastKnownFileType = sourcecode.c.objc; path = CRTFiles.m; sourceTree = "<group>"; };
		075C1F0418E9D4EB00699408 /* CRTDisconnectedViewController.h */ = {isa = PBXFileReference; fileEncoding = 4; lastKnownFileType = sourcecode.c.h; path = CRTDisconnectedViewController.h; sourceTree = "<group>"; };
		075C1F0518E9D4EB00699408 /* CRTDisconnectedViewController.m */ = {isa = PBXFileReference; fileEncoding = 4; lastKnownFileType = sourcecode.c.objc; path = CRTDisconnectedViewController.m; sourceTree = "<group>"; };
		075D411D18E7275E001937AA /* CRTSettingsViewController.h */ = {isa = PBXFileReference; fileEncoding = 4; lastKnownFileType = sourcecode.c.h; path = CRTSettingsViewController.h; sourceTree = "<group>"; };
		075D411E18E7275E001937AA /* CRTSettingsViewController.m */ = {isa = PBXFileReference; fileEncoding = 4; lastKnownFileType = sourcecode.c.objc; path = CRTSettingsViewController.m; sourceTree = "<group>"; };
		078589B918EEE7760082B615 /* CRTSpeedsViewController.h */ = {isa = PBXFileReference; fileEncoding = 4; lastKnownFileType = sourcecode.c.h; path = CRTSpeedsViewController.h; sourceTree = "<group>"; };
		078589BA18EEE7760082B615 /* CRTSpeedsViewController.m */ = {isa = PBXFileReference; fileEncoding = 4; lastKnownFileType = sourcecode.c.objc; path = CRTSpeedsViewController.m; sourceTree = "<group>"; };
		07964F1D18E59E3100D0842A /* remoteTransmission.app */ = {isa = PBXFileReference; explicitFileType = wrapper.application; includeInIndex = 0; path = remoteTransmission.app; sourceTree = BUILT_PRODUCTS_DIR; };
		07964F2018E59E3100D0842A /* Foundation.framework */ = {isa = PBXFileReference; lastKnownFileType = wrapper.framework; name = Foundation.framework; path = System/Library/Frameworks/Foundation.framework; sourceTree = SDKROOT; };
		07964F2218E59E3100D0842A /* CoreGraphics.framework */ = {isa = PBXFileReference; lastKnownFileType = wrapper.framework; name = CoreGraphics.framework; path = System/Library/Frameworks/CoreGraphics.framework; sourceTree = SDKROOT; };
		07964F2418E59E3100D0842A /* UIKit.framework */ = {isa = PBXFileReference; lastKnownFileType = wrapper.framework; name = UIKit.framework; path = System/Library/Frameworks/UIKit.framework; sourceTree = SDKROOT; };
		07964F2818E59E3100D0842A /* remoteTransmission-Info.plist */ = {isa = PBXFileReference; lastKnownFileType = text.plist.xml; path = "remoteTransmission-Info.plist"; sourceTree = "<group>"; };
		07964F2A18E59E3100D0842A /* en */ = {isa = PBXFileReference; lastKnownFileType = text.plist.strings; name = en; path = en.lproj/InfoPlist.strings; sourceTree = "<group>"; };
		07964F2C18E59E3100D0842A /* main.m */ = {isa = PBXFileReference; lastKnownFileType = sourcecode.c.objc; path = main.m; sourceTree = "<group>"; };
		07964F2E18E59E3100D0842A /* remoteTransmission-Prefix.pch */ = {isa = PBXFileReference; lastKnownFileType = sourcecode.c.h; path = "remoteTransmission-Prefix.pch"; sourceTree = "<group>"; };
		07964F2F18E59E3100D0842A /* CRTAppDelegate.h */ = {isa = PBXFileReference; lastKnownFileType = sourcecode.c.h; path = CRTAppDelegate.h; sourceTree = "<group>"; };
		07964F3018E59E3100D0842A /* CRTAppDelegate.m */ = {isa = PBXFileReference; lastKnownFileType = sourcecode.c.objc; path = CRTAppDelegate.m; sourceTree = "<group>"; };
		07964F3318E59E3100D0842A /* Base */ = {isa = PBXFileReference; lastKnownFileType = file.storyboard; name = Base; path = Base.lproj/Main.storyboard; sourceTree = "<group>"; };
		07964F3818E59E3100D0842A /* Images.xcassets */ = {isa = PBXFileReference; lastKnownFileType = folder.assetcatalog; path = Images.xcassets; sourceTree = "<group>"; };
		07964F3E18E59E3100D0842A /* remoteTransmissionTests.xctest */ = {isa = PBXFileReference; explicitFileType = wrapper.cfbundle; includeInIndex = 0; path = remoteTransmissionTests.xctest; sourceTree = BUILT_PRODUCTS_DIR; };
		07964F3F18E59E3100D0842A /* XCTest.framework */ = {isa = PBXFileReference; lastKnownFileType = wrapper.framework; name = XCTest.framework; path = Library/Frameworks/XCTest.framework; sourceTree = DEVELOPER_DIR; };
		07964F4718E59E3100D0842A /* remoteTransmissionTests-Info.plist */ = {isa = PBXFileReference; lastKnownFileType = text.plist.xml; path = "remoteTransmissionTests-Info.plist"; sourceTree = "<group>"; };
		07964F4918E59E3100D0842A /* en */ = {isa = PBXFileReference; lastKnownFileType = text.plist.strings; name = en; path = en.lproj/InfoPlist.strings; sourceTree = "<group>"; };
		07964F4B18E59E3100D0842A /* remoteTransmissionTests.m */ = {isa = PBXFileReference; lastKnownFileType = sourcecode.c.objc; path = remoteTransmissionTests.m; sourceTree = "<group>"; };
		07964F5518E5B11300D0842A /* CRTAuthentication.h */ = {isa = PBXFileReference; fileEncoding = 4; lastKnownFileType = sourcecode.c.h; path = CRTAuthentication.h; sourceTree = "<group>"; };
		07964F5618E5B11300D0842A /* CRTAuthentication.m */ = {isa = PBXFileReference; fileEncoding = 4; lastKnownFileType = sourcecode.c.objc; path = CRTAuthentication.m; sourceTree = "<group>"; };
		07964F5818E5B2AD00D0842A /* CRTLoginViewController.h */ = {isa = PBXFileReference; fileEncoding = 4; lastKnownFileType = sourcecode.c.h; path = CRTLoginViewController.h; sourceTree = "<group>"; };
		07964F5918E5B2AD00D0842A /* CRTLoginViewController.m */ = {isa = PBXFileReference; fileEncoding = 4; lastKnownFileType = sourcecode.c.objc; path = CRTLoginViewController.m; sourceTree = "<group>"; };
		07964F5B18E5B2E900D0842A /* CRTTransmissionController.h */ = {isa = PBXFileReference; fileEncoding = 4; lastKnownFileType = sourcecode.c.h; path = CRTTransmissionController.h; sourceTree = "<group>"; };
		07964F5C18E5B2E900D0842A /* CRTTransmissionController.m */ = {isa = PBXFileReference; fileEncoding = 4; lastKnownFileType = sourcecode.c.objc; path = CRTTransmissionController.m; sourceTree = "<group>"; };
		079E7A3B18E5F1580007D34F /* CRTTorrentListViewController.h */ = {isa = PBXFileReference; fileEncoding = 4; lastKnownFileType = sourcecode.c.h; path = CRTTorrentListViewController.h; sourceTree = "<group>"; };
		079E7A3C18E5F1580007D34F /* CRTTorrentListViewController.m */ = {isa = PBXFileReference; fileEncoding = 4; lastKnownFileType = sourcecode.c.objc; path = CRTTorrentListViewController.m; sourceTree = "<group>"; };
		07A7FCD718F42A1300122070 /* CRTTorrentDetailsViewController.h */ = {isa = PBXFileReference; fileEncoding = 4; lastKnownFileType = sourcecode.c.h; path = CRTTorrentDetailsViewController.h; sourceTree = "<group>"; };
		07A7FCD818F42A1300122070 /* CRTTorrentDetailsViewController.m */ = {isa = PBXFileReference; fileEncoding = 4; lastKnownFileType = sourcecode.c.objc; path = CRTTorrentDetailsViewController.m; sourceTree = "<group>"; };
		07A7FCDA18F42BC700122070 /* UIProgressView+crt_setTorrentProgress.h */ = {isa = PBXFileReference; fileEncoding = 4; lastKnownFileType = sourcecode.c.h; path = "UIProgressView+crt_setTorrentProgress.h"; sourceTree = "<group>"; };
		07A7FCDB18F42BC700122070 /* UIProgressView+crt_setTorrentProgress.m */ = {isa = PBXFileReference; fileEncoding = 4; lastKnownFileType = sourcecode.c.objc; path = "UIProgressView+crt_setTorrentProgress.m"; sourceTree = "<group>"; };
		07C5AAA7190EBA710074BDDF /* CRTTree.h */ = {isa = PBXFileReference; fileEncoding = 4; lastKnownFileType = sourcecode.c.h; path = CRTTree.h; sourceTree = "<group>"; };
		07C5AAA8190EBA710074BDDF /* CRTTree.m */ = {isa = PBXFileReference; fileEncoding = 4; lastKnownFileType = sourcecode.c.objc; path = CRTTree.m; sourceTree = "<group>"; };
		07C5AAAA190EBB270074BDDF /* CRTNode.h */ = {isa = PBXFileReference; fileEncoding = 4; lastKnownFileType = sourcecode.c.h; path = CRTNode.h; sourceTree = "<group>"; };
		07C5AAAB190EBB270074BDDF /* CRTNode.m */ = {isa = PBXFileReference; fileEncoding = 4; lastKnownFileType = sourcecode.c.objc; path = CRTNode.m; sourceTree = "<group>"; };
		07DDAAB118F07159000E0C1B /* CRTAddTorrentViewController.h */ = {isa = PBXFileReference; fileEncoding = 4; lastKnownFileType = sourcecode.c.h; path = CRTAddTorrentViewController.h; sourceTree = "<group>"; };
		07DDAAB218F07159000E0C1B /* CRTAddTorrentViewController.m */ = {isa = PBXFileReference; fileEncoding = 4; lastKnownFileType = sourcecode.c.objc; path = CRTAddTorrentViewController.m; sourceTree = "<group>"; };
/* End PBXFileReference section */

/* Begin PBXFrameworksBuildPhase section */
		07964F1A18E59E3000D0842A /* Frameworks */ = {
			isa = PBXFrameworksBuildPhase;
			buildActionMask = 2147483647;
			files = (
				07964F2318E59E3100D0842A /* CoreGraphics.framework in Frameworks */,
				07964F2518E59E3100D0842A /* UIKit.framework in Frameworks */,
				07964F2118E59E3100D0842A /* Foundation.framework in Frameworks */,
			);
			runOnlyForDeploymentPostprocessing = 0;
		};
		07964F3B18E59E3100D0842A /* Frameworks */ = {
			isa = PBXFrameworksBuildPhase;
			buildActionMask = 2147483647;
			files = (
				07964F4018E59E3100D0842A /* XCTest.framework in Frameworks */,
				07964F4218E59E3100D0842A /* UIKit.framework in Frameworks */,
				07964F4118E59E3100D0842A /* Foundation.framework in Frameworks */,
			);
			runOnlyForDeploymentPostprocessing = 0;
		};
/* End PBXFrameworksBuildPhase section */

/* Begin PBXGroup section */
		07964F1418E59E3000D0842A = {
			isa = PBXGroup;
			children = (
				07964F2618E59E3100D0842A /* remoteTransmission */,
				07964F4518E59E3100D0842A /* remoteTransmissionTests */,
				07964F1F18E59E3100D0842A /* Frameworks */,
				07964F1E18E59E3100D0842A /* Products */,
			);
			sourceTree = "<group>";
		};
		07964F1E18E59E3100D0842A /* Products */ = {
			isa = PBXGroup;
			children = (
				07964F1D18E59E3100D0842A /* remoteTransmission.app */,
				07964F3E18E59E3100D0842A /* remoteTransmissionTests.xctest */,
			);
			name = Products;
			sourceTree = "<group>";
		};
		07964F1F18E59E3100D0842A /* Frameworks */ = {
			isa = PBXGroup;
			children = (
				07964F2018E59E3100D0842A /* Foundation.framework */,
				07964F2218E59E3100D0842A /* CoreGraphics.framework */,
				07964F2418E59E3100D0842A /* UIKit.framework */,
				07964F3F18E59E3100D0842A /* XCTest.framework */,
			);
			name = Frameworks;
			sourceTree = "<group>";
		};
		07964F2618E59E3100D0842A /* remoteTransmission */ = {
			isa = PBXGroup;
			children = (
				07964F2F18E59E3100D0842A /* CRTAppDelegate.h */,
				07964F3018E59E3100D0842A /* CRTAppDelegate.m */,
				07964F3218E59E3100D0842A /* Main.storyboard */,
				079E7A3E18E5F29E0007D34F /* View Controllers */,
				07964F5518E5B11300D0842A /* CRTAuthentication.h */,
				07964F5618E5B11300D0842A /* CRTAuthentication.m */,
				07964F5B18E5B2E900D0842A /* CRTTransmissionController.h */,
				07964F5C18E5B2E900D0842A /* CRTTransmissionController.m */,
				07A7FCDD18F42D7B00122070 /* Categories */,
				07964F3818E59E3100D0842A /* Images.xcassets */,
				07964F2718E59E3100D0842A /* Supporting Files */,
				07553F5E18FF20F200F8C879 /* CRTFiles.h */,
				07553F5F18FF20F200F8C879 /* CRTFiles.m */,
				07C5AAA7190EBA710074BDDF /* CRTTree.h */,
				07C5AAA8190EBA710074BDDF /* CRTTree.m */,
				07C5AAAA190EBB270074BDDF /* CRTNode.h */,
				07C5AAAB190EBB270074BDDF /* CRTNode.m */,
			);
			path = remoteTransmission;
			sourceTree = "<group>";
		};
		07964F2718E59E3100D0842A /* Supporting Files */ = {
			isa = PBXGroup;
			children = (
				07964F2818E59E3100D0842A /* remoteTransmission-Info.plist */,
				07964F2918E59E3100D0842A /* InfoPlist.strings */,
				07964F2C18E59E3100D0842A /* main.m */,
				07964F2E18E59E3100D0842A /* remoteTransmission-Prefix.pch */,
			);
			name = "Supporting Files";
			sourceTree = "<group>";
		};
		07964F4518E59E3100D0842A /* remoteTransmissionTests */ = {
			isa = PBXGroup;
			children = (
				07964F4B18E59E3100D0842A /* remoteTransmissionTests.m */,
				07964F4618E59E3100D0842A /* Supporting Files */,
			);
			path = remoteTransmissionTests;
			sourceTree = "<group>";
		};
		07964F4618E59E3100D0842A /* Supporting Files */ = {
			isa = PBXGroup;
			children = (
				07964F4718E59E3100D0842A /* remoteTransmissionTests-Info.plist */,
				07964F4818E59E3100D0842A /* InfoPlist.strings */,
			);
			name = "Supporting Files";
			sourceTree = "<group>";
		};
		079E7A3E18E5F29E0007D34F /* View Controllers */ = {
			isa = PBXGroup;
			children = (
				079E7A3B18E5F1580007D34F /* CRTTorrentListViewController.h */,
				079E7A3C18E5F1580007D34F /* CRTTorrentListViewController.m */,
				075C1F0418E9D4EB00699408 /* CRTDisconnectedViewController.h */,
				075C1F0518E9D4EB00699408 /* CRTDisconnectedViewController.m */,
				07964F5818E5B2AD00D0842A /* CRTLoginViewController.h */,
				07964F5918E5B2AD00D0842A /* CRTLoginViewController.m */,
				075D411D18E7275E001937AA /* CRTSettingsViewController.h */,
				075D411E18E7275E001937AA /* CRTSettingsViewController.m */,
				078589B918EEE7760082B615 /* CRTSpeedsViewController.h */,
				078589BA18EEE7760082B615 /* CRTSpeedsViewController.m */,
				07DDAAB118F07159000E0C1B /* CRTAddTorrentViewController.h */,
				07DDAAB218F07159000E0C1B /* CRTAddTorrentViewController.m */,
				07A7FCD718F42A1300122070 /* CRTTorrentDetailsViewController.h */,
				07A7FCD818F42A1300122070 /* CRTTorrentDetailsViewController.m */,
				07553F5B18FEFE8400F8C879 /* CRTFileListViewController.h */,
				07553F5C18FEFE8400F8C879 /* CRTFileListViewController.m */,
			);
			name = "View Controllers";
			sourceTree = "<group>";
		};
		07A7FCDD18F42D7B00122070 /* Categories */ = {
			isa = PBXGroup;
			children = (
				0742D4DE18E71336009DEB4F /* NSString+crt_CorrectURLEncoding.h */,
				0742D4DF18E71336009DEB4F /* NSString+crt_CorrectURLEncoding.m */,
				070C429618F3293700892922 /* UIAlertView+crt_ShowError.h */,
				070C429718F3293700892922 /* UIAlertView+crt_ShowError.m */,
				07A7FCDA18F42BC700122070 /* UIProgressView+crt_setTorrentProgress.h */,
				07A7FCDB18F42BC700122070 /* UIProgressView+crt_setTorrentProgress.m */,
			);
			name = Categories;
			sourceTree = "<group>";
		};
/* End PBXGroup section */

/* Begin PBXNativeTarget section */
		07964F1C18E59E3000D0842A /* remoteTransmission */ = {
			isa = PBXNativeTarget;
			buildConfigurationList = 07964F4F18E59E3100D0842A /* Build configuration list for PBXNativeTarget "remoteTransmission" */;
			buildPhases = (
				07964F1918E59E3000D0842A /* Sources */,
				07964F1A18E59E3000D0842A /* Frameworks */,
				07964F1B18E59E3000D0842A /* Resources */,
			);
			buildRules = (
			);
			dependencies = (
			);
			name = remoteTransmission;
			productName = remoteTransmission;
			productReference = 07964F1D18E59E3100D0842A /* remoteTransmission.app */;
			productType = "com.apple.product-type.application";
		};
		07964F3D18E59E3100D0842A /* remoteTransmissionTests */ = {
			isa = PBXNativeTarget;
			buildConfigurationList = 07964F5218E59E3100D0842A /* Build configuration list for PBXNativeTarget "remoteTransmissionTests" */;
			buildPhases = (
				07964F3A18E59E3100D0842A /* Sources */,
				07964F3B18E59E3100D0842A /* Frameworks */,
				07964F3C18E59E3100D0842A /* Resources */,
			);
			buildRules = (
			);
			dependencies = (
				07964F4418E59E3100D0842A /* PBXTargetDependency */,
			);
			name = remoteTransmissionTests;
			productName = remoteTransmissionTests;
			productReference = 07964F3E18E59E3100D0842A /* remoteTransmissionTests.xctest */;
			productType = "com.apple.product-type.bundle.unit-test";
		};
/* End PBXNativeTarget section */

/* Begin PBXProject section */
		07964F1518E59E3000D0842A /* Project object */ = {
			isa = PBXProject;
			attributes = {
				CLASSPREFIX = CRT;
				LastUpgradeCheck = 0510;
				ORGANIZATIONNAME = "Carlos Ramos González";
				TargetAttributes = {
					07964F1C18E59E3000D0842A = {
						DevelopmentTeam = V6P67L54PH;
					};
					07964F3D18E59E3100D0842A = {
						TestTargetID = 07964F1C18E59E3000D0842A;
					};
				};
			};
			buildConfigurationList = 07964F1818E59E3000D0842A /* Build configuration list for PBXProject "remoteTransmission" */;
			compatibilityVersion = "Xcode 3.2";
			developmentRegion = English;
			hasScannedForEncodings = 0;
			knownRegions = (
				en,
				Base,
			);
			mainGroup = 07964F1418E59E3000D0842A;
			productRefGroup = 07964F1E18E59E3100D0842A /* Products */;
			projectDirPath = "";
			projectRoot = "";
			targets = (
				07964F1C18E59E3000D0842A /* remoteTransmission */,
				07964F3D18E59E3100D0842A /* remoteTransmissionTests */,
			);
		};
/* End PBXProject section */

/* Begin PBXResourcesBuildPhase section */
		07964F1B18E59E3000D0842A /* Resources */ = {
			isa = PBXResourcesBuildPhase;
			buildActionMask = 2147483647;
			files = (
				07964F3918E59E3100D0842A /* Images.xcassets in Resources */,
				07964F2B18E59E3100D0842A /* InfoPlist.strings in Resources */,
				07964F3418E59E3100D0842A /* Main.storyboard in Resources */,
			);
			runOnlyForDeploymentPostprocessing = 0;
		};
		07964F3C18E59E3100D0842A /* Resources */ = {
			isa = PBXResourcesBuildPhase;
			buildActionMask = 2147483647;
			files = (
				07964F4A18E59E3100D0842A /* InfoPlist.strings in Resources */,
			);
			runOnlyForDeploymentPostprocessing = 0;
		};
/* End PBXResourcesBuildPhase section */

/* Begin PBXSourcesBuildPhase section */
		07964F1918E59E3000D0842A /* Sources */ = {
			isa = PBXSourcesBuildPhase;
			buildActionMask = 2147483647;
			files = (
				07964F3118E59E3100D0842A /* CRTAppDelegate.m in Sources */,
				07553F5D18FEFE8400F8C879 /* CRTFileListViewController.m in Sources */,
				070C429818F3293700892922 /* UIAlertView+crt_ShowError.m in Sources */,
				07A7FCDC18F42BC700122070 /* UIProgressView+crt_setTorrentProgress.m in Sources */,
				079E7A3D18E5F1580007D34F /* CRTTorrentListViewController.m in Sources */,
				07C5AAAC190EBB270074BDDF /* CRTNode.m in Sources */,
				078589BB18EEE7760082B615 /* CRTSpeedsViewController.m in Sources */,
				07964F5D18E5B2E900D0842A /* CRTTransmissionController.m in Sources */,
				07964F2D18E59E3100D0842A /* main.m in Sources */,
				07A7FCD918F42A1300122070 /* CRTTorrentDetailsViewController.m in Sources */,
				07C5AAA9190EBA710074BDDF /* CRTTree.m in Sources */,
				0742D4E018E71336009DEB4F /* NSString+crt_CorrectURLEncoding.m in Sources */,
				07964F5A18E5B2AD00D0842A /* CRTLoginViewController.m in Sources */,
				07DDAAB318F07159000E0C1B /* CRTAddTorrentViewController.m in Sources */,
				07964F5718E5B11300D0842A /* CRTAuthentication.m in Sources */,
				07553F6018FF20F200F8C879 /* CRTFiles.m in Sources */,
				075D411F18E7275E001937AA /* CRTSettingsViewController.m in Sources */,
				075C1F0618E9D4EB00699408 /* CRTDisconnectedViewController.m in Sources */,
			);
			runOnlyForDeploymentPostprocessing = 0;
		};
		07964F3A18E59E3100D0842A /* Sources */ = {
			isa = PBXSourcesBuildPhase;
			buildActionMask = 2147483647;
			files = (
				07964F4C18E59E3100D0842A /* remoteTransmissionTests.m in Sources */,
			);
			runOnlyForDeploymentPostprocessing = 0;
		};
/* End PBXSourcesBuildPhase section */

/* Begin PBXTargetDependency section */
		07964F4418E59E3100D0842A /* PBXTargetDependency */ = {
			isa = PBXTargetDependency;
			target = 07964F1C18E59E3000D0842A /* remoteTransmission */;
			targetProxy = 07964F4318E59E3100D0842A /* PBXContainerItemProxy */;
		};
/* End PBXTargetDependency section */

/* Begin PBXVariantGroup section */
		07964F2918E59E3100D0842A /* InfoPlist.strings */ = {
			isa = PBXVariantGroup;
			children = (
				07964F2A18E59E3100D0842A /* en */,
			);
			name = InfoPlist.strings;
			sourceTree = "<group>";
		};
		07964F3218E59E3100D0842A /* Main.storyboard */ = {
			isa = PBXVariantGroup;
			children = (
				07964F3318E59E3100D0842A /* Base */,
			);
			name = Main.storyboard;
			sourceTree = "<group>";
		};
		07964F4818E59E3100D0842A /* InfoPlist.strings */ = {
			isa = PBXVariantGroup;
			children = (
				07964F4918E59E3100D0842A /* en */,
			);
			name = InfoPlist.strings;
			sourceTree = "<group>";
		};
/* End PBXVariantGroup section */

/* Begin XCBuildConfiguration section */
		07964F4D18E59E3100D0842A /* Debug */ = {
			isa = XCBuildConfiguration;
			buildSettings = {
				ALWAYS_SEARCH_USER_PATHS = NO;
				CLANG_CXX_LANGUAGE_STANDARD = "gnu++0x";
				CLANG_CXX_LIBRARY = "libc++";
				CLANG_ENABLE_MODULES = YES;
				CLANG_ENABLE_OBJC_ARC = YES;
				CLANG_WARN_BOOL_CONVERSION = YES;
				CLANG_WARN_CONSTANT_CONVERSION = YES;
				CLANG_WARN_DIRECT_OBJC_ISA_USAGE = YES_ERROR;
				CLANG_WARN_EMPTY_BODY = YES;
				CLANG_WARN_ENUM_CONVERSION = YES;
				CLANG_WARN_INT_CONVERSION = YES;
				CLANG_WARN_OBJC_ROOT_CLASS = YES_ERROR;
				CLANG_WARN__DUPLICATE_METHOD_MATCH = YES;
				"CODE_SIGN_IDENTITY[sdk=iphoneos*]" = "iPhone Developer";
				COPY_PHASE_STRIP = NO;
				GCC_C_LANGUAGE_STANDARD = gnu99;
				GCC_DYNAMIC_NO_PIC = NO;
				GCC_OPTIMIZATION_LEVEL = 0;
				GCC_PREPROCESSOR_DEFINITIONS = (
					"DEBUG=1",
					"$(inherited)",
				);
				GCC_SYMBOLS_PRIVATE_EXTERN = NO;
				GCC_WARN_64_TO_32_BIT_CONVERSION = YES;
				GCC_WARN_ABOUT_RETURN_TYPE = YES_ERROR;
				GCC_WARN_UNDECLARED_SELECTOR = YES;
				GCC_WARN_UNINITIALIZED_AUTOS = YES_AGGRESSIVE;
				GCC_WARN_UNUSED_FUNCTION = YES;
				GCC_WARN_UNUSED_VARIABLE = YES;
				IPHONEOS_DEPLOYMENT_TARGET = 7.1;
				ONLY_ACTIVE_ARCH = YES;
				SDKROOT = iphoneos;
			};
			name = Debug;
		};
		07964F4E18E59E3100D0842A /* Release */ = {
			isa = XCBuildConfiguration;
			buildSettings = {
				ALWAYS_SEARCH_USER_PATHS = NO;
				CLANG_CXX_LANGUAGE_STANDARD = "gnu++0x";
				CLANG_CXX_LIBRARY = "libc++";
				CLANG_ENABLE_MODULES = YES;
				CLANG_ENABLE_OBJC_ARC = YES;
				CLANG_WARN_BOOL_CONVERSION = YES;
				CLANG_WARN_CONSTANT_CONVERSION = YES;
				CLANG_WARN_DIRECT_OBJC_ISA_USAGE = YES_ERROR;
				CLANG_WARN_EMPTY_BODY = YES;
				CLANG_WARN_ENUM_CONVERSION = YES;
				CLANG_WARN_INT_CONVERSION = YES;
				CLANG_WARN_OBJC_ROOT_CLASS = YES_ERROR;
				CLANG_WARN__DUPLICATE_METHOD_MATCH = YES;
				"CODE_SIGN_IDENTITY[sdk=iphoneos*]" = "iPhone Developer";
				COPY_PHASE_STRIP = YES;
				ENABLE_NS_ASSERTIONS = NO;
				GCC_C_LANGUAGE_STANDARD = gnu99;
				GCC_WARN_64_TO_32_BIT_CONVERSION = YES;
				GCC_WARN_ABOUT_RETURN_TYPE = YES_ERROR;
				GCC_WARN_UNDECLARED_SELECTOR = YES;
				GCC_WARN_UNINITIALIZED_AUTOS = YES_AGGRESSIVE;
				GCC_WARN_UNUSED_FUNCTION = YES;
				GCC_WARN_UNUSED_VARIABLE = YES;
				IPHONEOS_DEPLOYMENT_TARGET = 7.1;
				SDKROOT = iphoneos;
				VALIDATE_PRODUCT = YES;
			};
			name = Release;
		};
		07964F5018E59E3100D0842A /* Debug */ = {
			isa = XCBuildConfiguration;
			buildSettings = {
				ASSETCATALOG_COMPILER_APPICON_NAME = AppIcon;
				ASSETCATALOG_COMPILER_LAUNCHIMAGE_NAME = LaunchImage;
				CODE_SIGN_IDENTITY = "iPhone Developer";
				"CODE_SIGN_IDENTITY[sdk=iphoneos*]" = "iPhone Developer";
				GCC_PRECOMPILE_PREFIX_HEADER = YES;
				GCC_PREFIX_HEADER = "remoteTransmission/remoteTransmission-Prefix.pch";
				INFOPLIST_FILE = "remoteTransmission/remoteTransmission-Info.plist";
				PRODUCT_NAME = "$(TARGET_NAME)";
				PROVISIONING_PROFILE = "";
				WRAPPER_EXTENSION = app;
			};
			name = Debug;
		};
		07964F5118E59E3100D0842A /* Release */ = {
			isa = XCBuildConfiguration;
			buildSettings = {
				ASSETCATALOG_COMPILER_APPICON_NAME = AppIcon;
				ASSETCATALOG_COMPILER_LAUNCHIMAGE_NAME = LaunchImage;
				CODE_SIGN_IDENTITY = "iPhone Developer";
				"CODE_SIGN_IDENTITY[sdk=iphoneos*]" = "iPhone Developer";
				GCC_PRECOMPILE_PREFIX_HEADER = YES;
				GCC_PREFIX_HEADER = "remoteTransmission/remoteTransmission-Prefix.pch";
				INFOPLIST_FILE = "remoteTransmission/remoteTransmission-Info.plist";
				PRODUCT_NAME = "$(TARGET_NAME)";
				PROVISIONING_PROFILE = "";
				WRAPPER_EXTENSION = app;
			};
			name = Release;
		};
		07964F5318E59E3100D0842A /* Debug */ = {
			isa = XCBuildConfiguration;
			buildSettings = {
				BUNDLE_LOADER = "$(BUILT_PRODUCTS_DIR)/remoteTransmission.app/remoteTransmission";
				FRAMEWORK_SEARCH_PATHS = (
					"$(SDKROOT)/Developer/Library/Frameworks",
					"$(inherited)",
					"$(DEVELOPER_FRAMEWORKS_DIR)",
				);
				GCC_PRECOMPILE_PREFIX_HEADER = YES;
				GCC_PREFIX_HEADER = "remoteTransmission/remoteTransmission-Prefix.pch";
				GCC_PREPROCESSOR_DEFINITIONS = (
					"DEBUG=1",
					"$(inherited)",
				);
				INFOPLIST_FILE = "remoteTransmissionTests/remoteTransmissionTests-Info.plist";
				PRODUCT_NAME = "$(TARGET_NAME)";
				TEST_HOST = "$(BUNDLE_LOADER)";
				WRAPPER_EXTENSION = xctest;
			};
			name = Debug;
		};
		07964F5418E59E3100D0842A /* Release */ = {
			isa = XCBuildConfiguration;
			buildSettings = {
				BUNDLE_LOADER = "$(BUILT_PRODUCTS_DIR)/remoteTransmission.app/remoteTransmission";
				FRAMEWORK_SEARCH_PATHS = (
					"$(SDKROOT)/Developer/Library/Frameworks",
					"$(inherited)",
					"$(DEVELOPER_FRAMEWORKS_DIR)",
				);
				GCC_PRECOMPILE_PREFIX_HEADER = YES;
				GCC_PREFIX_HEADER = "remoteTransmission/remoteTransmission-Prefix.pch";
				INFOPLIST_FILE = "remoteTransmissionTests/remoteTransmissionTests-Info.plist";
				PRODUCT_NAME = "$(TARGET_NAME)";
				TEST_HOST = "$(BUNDLE_LOADER)";
				WRAPPER_EXTENSION = xctest;
			};
			name = Release;
		};
/* End XCBuildConfiguration section */

/* Begin XCConfigurationList section */
		07964F1818E59E3000D0842A /* Build configuration list for PBXProject "remoteTransmission" */ = {
			isa = XCConfigurationList;
			buildConfigurations = (
				07964F4D18E59E3100D0842A /* Debug */,
				07964F4E18E59E3100D0842A /* Release */,
			);
			defaultConfigurationIsVisible = 0;
			defaultConfigurationName = Release;
		};
		07964F4F18E59E3100D0842A /* Build configuration list for PBXNativeTarget "remoteTransmission" */ = {
			isa = XCConfigurationList;
			buildConfigurations = (
				07964F5018E59E3100D0842A /* Debug */,
				07964F5118E59E3100D0842A /* Release */,
			);
			defaultConfigurationIsVisible = 0;
			defaultConfigurationName = Release;
		};
		07964F5218E59E3100D0842A /* Build configuration list for PBXNativeTarget "remoteTransmissionTests" */ = {
			isa = XCConfigurationList;
			buildConfigurations = (
				07964F5318E59E3100D0842A /* Debug */,
				07964F5418E59E3100D0842A /* Release */,
			);
			defaultConfigurationIsVisible = 0;
			defaultConfigurationName = Release;
		};
/* End XCConfigurationList section */
	};
	rootObject = 07964F1518E59E3000D0842A /* Project object */;
}
